// !$*UTF8*$!
{
	archiveVersion = 1;
	classes = {};
	objectVersion = 77;
	objects = {

/* Begin PBXBuildFile section */
		A10000000000000000000001 /* VulpraEngineKit.framework in Frameworks */ = {isa = PBXBuildFile; fileRef = A3000000000000000000000C /* VulpraEngineKit.framework */; };
		A10000000000000000000002 /* VulpraEngineKit.framework in Embed Frameworks */ = {isa = PBXBuildFile; fileRef = A3000000000000000000000C /* VulpraEngineKit.framework */; settings = {ATTRIBUTES = (CodeSignOnCopy, RemoveHeadersOnCopy, ); }; };
		A10000000000000000000003 /* Vulpra Engine Process.appex in Embed App Extensions */ = {isa = PBXBuildFile; fileRef = A3000000000000000000000D /* Vulpra Engine Process.appex */; settings = {ATTRIBUTES = (CodeSignOnCopy, RemoveHeadersOnCopy, ); }; };
		A10000000000000000000004 /* OpenIn.appex in Embed App Extensions */ = {isa = PBXBuildFile; fileRef = A30000000000000000000004 /* OpenIn.appex */; settings = {ATTRIBUTES = (CodeSignOnCopy, RemoveHeadersOnCopy, ); }; };
		A10000000000000000000005 /* VulpraEngineKit.framework in Frameworks */ = {isa = PBXBuildFile; fileRef = A3000000000000000000000C /* VulpraEngineKit.framework */; };
		A10000000000000000000006 /* VulpraEngineKit.framework in Frameworks */ = {isa = PBXBuildFile; fileRef = A3000000000000000000000C /* VulpraEngineKit.framework */; };
/* End PBXBuildFile section */

/* Begin PBXContainerItemProxy section */
		A20000000000000000000001 = {isa = PBXContainerItemProxy; containerPortal = AF0000000000000000000001 /* Project object */; proxyType = 1; remoteGlobalIDString = AB0000000000000000000005; remoteInfo = VulpraEngineKit; };
		A20000000000000000000002 = {isa = PBXContainerItemProxy; containerPortal = AF0000000000000000000001 /* Project object */; proxyType = 1; remoteGlobalIDString = AB0000000000000000000006; remoteInfo = "Vulpra Engine Process"; };
		A20000000000000000000003 = {isa = PBXContainerItemProxy; containerPortal = AF0000000000000000000001 /* Project object */; proxyType = 1; remoteGlobalIDString = AB0000000000000000000004; remoteInfo = OpenIn; };
		A20000000000000000000004 = {isa = PBXContainerItemProxy; containerPortal = AF0000000000000000000001 /* Project object */; proxyType = 1; remoteGlobalIDString = AB0000000000000000000005; remoteInfo = VulpraEngineKit; };
		A20000000000000000000005 = {isa = PBXContainerItemProxy; containerPortal = AF0000000000000000000001 /* Project object */; proxyType = 1; remoteGlobalIDString = AB0000000000000000000005; remoteInfo = VulpraEngineKit; };
		A20000000000000000000006 = {isa = PBXContainerItemProxy; containerPortal = AF0000000000000000000001 /* Project object */; proxyType = 1; remoteGlobalIDString = AB0000000000000000000001; remoteInfo = Vulpra; };
/* End PBXContainerItemProxy section */

/* Begin PBXCopyFilesBuildPhase section */
		A40000000000000000000001 /* Embed Frameworks */ = {isa = PBXCopyFilesBuildPhase; buildActionMask = 2147483647; dstPath = ""; dstSubfolderSpec = 10; files = (A10000000000000000000002 /* VulpraEngineKit.framework in Embed Frameworks */, ); name = "Embed Frameworks"; runOnlyForDeploymentPostprocessing = 0; };
		A40000000000000000000002 /* Embed App Extensions */ = {isa = PBXCopyFilesBuildPhase; buildActionMask = 2147483647; dstPath = ""; dstSubfolderSpec = 13; files = (A10000000000000000000003 /* Vulpra Engine Process.appex in Embed App Extensions */, A10000000000000000000004 /* OpenIn.appex in Embed App Extensions */, ); name = "Embed App Extensions"; runOnlyForDeploymentPostprocessing = 0; };
/* End PBXCopyFilesBuildPhase section */

/* Begin PBXFileReference section */
		A30000000000000000000001 /* Vulpra.app */ = {isa = PBXFileReference; explicitFileType = wrapper.application; includeInIndex = 0; path = Vulpra.app; sourceTree = BUILT_PRODUCTS_DIR; };
		A30000000000000000000004 /* OpenIn.appex */ = {isa = PBXFileReference; explicitFileType = "wrapper.app-extension"; includeInIndex = 0; path = OpenIn.appex; sourceTree = BUILT_PRODUCTS_DIR; };
		A30000000000000000000005 /* Base.xcconfig */ = {isa = PBXFileReference; lastKnownFileType = text.xcconfig; path = Configuration/Base.xcconfig; sourceTree = "<group>"; };
		A30000000000000000000006 /* App.xcconfig */ = {isa = PBXFileReference; lastKnownFileType = text.xcconfig; path = Configuration/App.xcconfig; sourceTree = "<group>"; };
		A30000000000000000000009 /* OpenIn.xcconfig */ = {isa = PBXFileReference; lastKnownFileType = text.xcconfig; path = Configuration/OpenIn.xcconfig; sourceTree = "<group>"; };
		A3000000000000000000000A /* EngineKit.xcconfig */ = {isa = PBXFileReference; lastKnownFileType = text.xcconfig; path = Configuration/EngineKit.xcconfig; sourceTree = "<group>"; };
		A3000000000000000000000B /* EngineProcess.xcconfig */ = {isa = PBXFileReference; lastKnownFileType = text.xcconfig; path = Configuration/EngineProcess.xcconfig; sourceTree = "<group>"; };
		A3000000000000000000000C /* VulpraEngineKit.framework */ = {isa = PBXFileReference; explicitFileType = wrapper.framework; includeInIndex = 0; path = VulpraEngineKit.framework; sourceTree = BUILT_PRODUCTS_DIR; };
		A3000000000000000000000D /* Vulpra Engine Process.appex */ = {isa = PBXFileReference; explicitFileType = "wrapper.app-extension"; includeInIndex = 0; path = "Vulpra Engine Process.appex"; sourceTree = BUILT_PRODUCTS_DIR; };
		A3000000000000000000000E /* VulpraEngineKitTests.xctest */ = {isa = PBXFileReference; explicitFileType = wrapper.cfbundle; includeInIndex = 0; path = VulpraEngineKitTests.xctest; sourceTree = BUILT_PRODUCTS_DIR; };
/* End PBXFileReference section */

/* Begin PBXFileSystemSynchronizedBuildFileExceptionSet section */
		A50000000000000000000001 /* App exclusions */ = {isa = PBXFileSystemSynchronizedBuildFileExceptionSet; membershipExceptions = (Info.plist, Entitlements/Vulpra.entitlements, Entitlements/Vulpra.private.entitlements, ); target = AB0000000000000000000001 /* Vulpra */; };
		A50000000000000000000006 /* OpenIn exclusions */ = {isa = PBXFileSystemSynchronizedBuildFileExceptionSet; membershipExceptions = (Info.plist, ); target = AB0000000000000000000004 /* OpenIn */; };
		A50000000000000000000009 /* Engine Process exclusions */ = {isa = PBXFileSystemSynchronizedBuildFileExceptionSet; membershipExceptions = (Info.plist, EngineProcess.entitlements, EngineProcess.private.entitlements, ); target = AB0000000000000000000006 /* Vulpra Engine Process */; };
/* End PBXFileSystemSynchronizedBuildFileExceptionSet section */

/* Begin PBXFileSystemSynchronizedRootGroup section */
		A60000000000000000000001 /* App */ = {isa = PBXFileSystemSynchronizedRootGroup; exceptions = (A50000000000000000000001 /* App exclusions */, ); path = App; sourceTree = "<group>"; };
		A60000000000000000000005 /* OpenIn */ = {isa = PBXFileSystemSynchronizedRootGroup; exceptions = (A50000000000000000000006 /* OpenIn exclusions */, ); path = Extensions/OpenIn; sourceTree = "<group>"; };
		A60000000000000000000008 /* VulpraEngineKit */ = {isa = PBXFileSystemSynchronizedRootGroup; exceptions = (); path = Engine/VulpraEngineKit; sourceTree = "<group>"; };
		A60000000000000000000009 /* Vulpra Engine Process */ = {isa = PBXFileSystemSynchronizedRootGroup; exceptions = (A50000000000000000000009 /* Engine Process exclusions */, ); path = Engine/VulpraEngineProcess; sourceTree = "<group>"; };
		A6000000000000000000000A /* VulpraEngineKitTests */ = {isa = PBXFileSystemSynchronizedRootGroup; exceptions = (); path = Tests/VulpraEngineKitTests; sourceTree = "<group>"; };
/* End PBXFileSystemSynchronizedRootGroup section */

/* Begin PBXFrameworksBuildPhase section */
		A70000000000000000000001 /* Frameworks */ = {isa = PBXFrameworksBuildPhase; buildActionMask = 2147483647; files = (A10000000000000000000001 /* VulpraEngineKit.framework in Frameworks */, ); runOnlyForDeploymentPostprocessing = 0; };
		A70000000000000000000004 /* Frameworks */ = {isa = PBXFrameworksBuildPhase; buildActionMask = 2147483647; files = (); runOnlyForDeploymentPostprocessing = 0; };
		A70000000000000000000005 /* Frameworks */ = {isa = PBXFrameworksBuildPhase; buildActionMask = 2147483647; files = (); runOnlyForDeploymentPostprocessing = 0; };
		A70000000000000000000006 /* Frameworks */ = {isa = PBXFrameworksBuildPhase; buildActionMask = 2147483647; files = (A10000000000000000000005 /* VulpraEngineKit.framework in Frameworks */, ); runOnlyForDeploymentPostprocessing = 0; };
		A70000000000000000000007 /* Frameworks */ = {isa = PBXFrameworksBuildPhase; buildActionMask = 2147483647; files = (A10000000000000000000006 /* VulpraEngineKit.framework in Frameworks */, ); runOnlyForDeploymentPostprocessing = 0; };
/* End PBXFrameworksBuildPhase section */

/* Begin PBXGroup section */
		A80000000000000000000001 = {isa = PBXGroup; children = (A60000000000000000000001 /* App */, A60000000000000000000005 /* OpenIn */, A60000000000000000000008 /* VulpraEngineKit */, A60000000000000000000009 /* Vulpra Engine Process */, A6000000000000000000000A /* VulpraEngineKitTests */, A80000000000000000000003 /* Configuration */, A80000000000000000000002 /* Products */, ); sourceTree = "<group>"; };
		A80000000000000000000002 /* Products */ = {isa = PBXGroup; children = (A30000000000000000000001 /* Vulpra.app */, A30000000000000000000004 /* OpenIn.appex */, A3000000000000000000000C /* VulpraEngineKit.framework */, A3000000000000000000000D /* Vulpra Engine Process.appex */, A3000000000000000000000E /* VulpraEngineKitTests.xctest */, ); name = Products; sourceTree = "<group>"; };
		A80000000000000000000003 /* Configuration */ = {isa = PBXGroup; children = (A30000000000000000000005 /* Base.xcconfig */, A30000000000000000000006 /* App.xcconfig */, A30000000000000000000009 /* OpenIn.xcconfig */, A3000000000000000000000A /* EngineKit.xcconfig */, A3000000000000000000000B /* EngineProcess.xcconfig */, ); name = Configuration; sourceTree = "<group>"; };
/* End PBXGroup section */

/* Begin PBXHeadersBuildPhase section */
		A90000000000000000000002 /* Headers */ = {isa = PBXHeadersBuildPhase; buildActionMask = 2147483647; files = (); runOnlyForDeploymentPostprocessing = 0; };
/* End PBXHeadersBuildPhase section */

/* Begin PBXNativeTarget section */
		AB0000000000000000000001 /* Vulpra */ = {isa = PBXNativeTarget; buildConfigurationList = AE0000000000000000000002; buildPhases = (AC0000000000000000000001 /* Verify Engine Artifact */, AA0000000000000000000001 /* Sources */, A70000000000000000000001 /* Frameworks */, AD0000000000000000000001 /* Resources */, A40000000000000000000001 /* Embed Frameworks */, A40000000000000000000002 /* Embed App Extensions */, AC0000000000000000000002 /* Stage Engine Runtime */, ); buildRules = (); dependencies = (B00000000000000000000001, B00000000000000000000002, B00000000000000000000003, ); fileSystemSynchronizedGroups = (A60000000000000000000001 /* App */, ); name = Vulpra; packageProductDependencies = (); productName = Vulpra; productReference = A30000000000000000000001 /* Vulpra.app */; productType = "com.apple.product-type.application"; };
		AB0000000000000000000004 /* OpenIn */ = {isa = PBXNativeTarget; buildConfigurationList = AE0000000000000000000005; buildPhases = (AA0000000000000000000004 /* Sources */, A70000000000000000000004 /* Frameworks */, AD0000000000000000000004 /* Resources */, ); buildRules = (); dependencies = (); fileSystemSynchronizedGroups = (A60000000000000000000005 /* OpenIn */, ); name = OpenIn; packageProductDependencies = (); productName = OpenIn; productReference = A30000000000000000000004 /* OpenIn.appex */; productType = "com.apple.product-type.app-extension"; };
		AB0000000000000000000005 /* VulpraEngineKit */ = {isa = PBXNativeTarget; buildConfigurationList = AE0000000000000000000006; buildPhases = (AA0000000000000000000005 /* Sources */, A70000000000000000000005 /* Frameworks */, A90000000000000000000002 /* Headers */, AD0000000000000000000005 /* Resources */, AC0000000000000000000003 /* Relocate Simulator Kernel Link */, ); buildRules = (); dependencies = (); fileSystemSynchronizedGroups = (A60000000000000000000008 /* VulpraEngineKit */, ); name = VulpraEngineKit; packageProductDependencies = (); productName = VulpraEngineKit; productReference = A3000000000000000000000C /* VulpraEngineKit.framework */; productType = "com.apple.product-type.framework"; };
		AB0000000000000000000006 /* Vulpra Engine Process */ = {isa = PBXNativeTarget; buildConfigurationList = AE0000000000000000000007; buildPhases = (AA0000000000000000000006 /* Sources */, A70000000000000000000006 /* Frameworks */, AD0000000000000000000006 /* Resources */, ); buildRules = (); dependencies = (B00000000000000000000004, ); fileSystemSynchronizedGroups = (A60000000000000000000009 /* Vulpra Engine Process */, ); name = "Vulpra Engine Process"; packageProductDependencies = (); productName = "Vulpra Engine Process"; productReference = A3000000000000000000000D /* Vulpra Engine Process.appex */; productType = "com.apple.product-type.app-extension"; };
		AB0000000000000000000007 /* VulpraEngineKitTests */ = {isa = PBXNativeTarget; buildConfigurationList = AE0000000000000000000008; buildPhases = (AA0000000000000000000007 /* Sources */, A70000000000000000000007 /* Frameworks */, ); buildRules = (); dependencies = (B00000000000000000000005, B00000000000000000000006, ); fileSystemSynchronizedGroups = (A6000000000000000000000A /* VulpraEngineKitTests */, ); name = VulpraEngineKitTests; packageProductDependencies = (); productName = VulpraEngineKitTests; productReference = A3000000000000000000000E /* VulpraEngineKitTests.xctest */; productType = "com.apple.product-type.bundle.unit-test"; };
/* End PBXNativeTarget section */

/* Begin PBXProject section */
		AF0000000000000000000001 /* Project object */ = {isa = PBXProject; attributes = {BuildIndependentTargetsInParallel = 1; LastSwiftUpdateCheck = 2600; LastUpgradeCheck = 2600; TargetAttributes = {AB0000000000000000000001 = {CreatedOnToolsVersion = 26.0; }; AB0000000000000000000004 = {CreatedOnToolsVersion = 26.0; }; AB0000000000000000000005 = {CreatedOnToolsVersion = 26.0; }; AB0000000000000000000006 = {CreatedOnToolsVersion = 26.0; }; AB0000000000000000000007 = {CreatedOnToolsVersion = 26.0; }; }; }; buildConfigurationList = AE0000000000000000000001; compatibilityVersion = "Xcode 16.0"; developmentRegion = zh-Hans; hasScannedForEncodings = 0; knownRegions = (zh-Hans, en, Base, ); mainGroup = A80000000000000000000001; preferredProjectObjectVersion = 77; productRefGroup = A80000000000000000000002; projectDirPath = ""; projectRoot = ""; targets = (AB0000000000000000000001, AB0000000000000000000004, AB0000000000000000000005, AB0000000000000000000006, AB0000000000000000000007, ); };
/* End PBXProject section */

/* Begin PBXResourcesBuildPhase section */
		AD0000000000000000000001 /* Resources */ = {isa = PBXResourcesBuildPhase; buildActionMask = 2147483647; files = (); runOnlyForDeploymentPostprocessing = 0; };
		AD0000000000000000000004 /* Resources */ = {isa = PBXResourcesBuildPhase; buildActionMask = 2147483647; files = (); runOnlyForDeploymentPostprocessing = 0; };
		AD0000000000000000000005 /* Resources */ = {isa = PBXResourcesBuildPhase; buildActionMask = 2147483647; files = (); runOnlyForDeploymentPostprocessing = 0; };
		AD0000000000000000000006 /* Resources */ = {isa = PBXResourcesBuildPhase; buildActionMask = 2147483647; files = (); runOnlyForDeploymentPostprocessing = 0; };
/* End PBXResourcesBuildPhase section */

/* Begin PBXShellScriptBuildPhase section */
		AC0000000000000000000001 /* Verify Engine Artifact */ = {isa = PBXShellScriptBuildPhase; buildActionMask = 2147483647; files = (); inputPaths = ("$(VULPRA_ENGINE_ROOT)/manifest.json", "$(VULPRA_ENGINE_CONTRACT)", ); name = "Verify Engine Artifact"; outputPaths = (); runOnlyForDeploymentPostprocessing = 0; shellPath = /bin/sh; shellScript = "python3 \"$SRCROOT/Tools/Engine/verify-engine-artifact.py\" --contract \"$VULPRA_ENGINE_CONTRACT\" \"$VULPRA_ENGINE_ROOT\"\n"; };
		AC0000000000000000000002 /* Stage Engine Runtime */ = {isa = PBXShellScriptBuildPhase; buildActionMask = 2147483647; files = (); inputPaths = ("$(VULPRA_ENGINE_ROOT)/runtime/bin/XUL", ); name = "Stage Engine Runtime"; outputPaths = (); runOnlyForDeploymentPostprocessing = 0; shellPath = /bin/sh; shellScript = "\"$SRCROOT/Tools/Engine/stage-engine-runtime.sh\"\n"; };
		AC0000000000000000000003 /* Relocate Simulator Kernel Link */ = {isa = PBXShellScriptBuildPhase; buildActionMask = 2147483647; files = (); inputPaths = ("$(VULPRA_ENGINE_CONTRACT)", ); name = "Relocate Simulator Kernel Link"; outputPaths = (); runOnlyForDeploymentPostprocessing = 0; shellPath = /bin/sh; shellScript = "\"$SRCROOT/Tools/Engine/relocate-simulator-kernel-link.sh\"\n"; };
/* End PBXShellScriptBuildPhase section */

/* Begin PBXSourcesBuildPhase section */
		AA0000000000000000000001 /* Sources */ = {isa = PBXSourcesBuildPhase; buildActionMask = 2147483647; files = (); runOnlyForDeploymentPostprocessing = 0; };
		AA0000000000000000000004 /* Sources */ = {isa = PBXSourcesBuildPhase; buildActionMask = 2147483647; files = (); runOnlyForDeploymentPostprocessing = 0; };
		AA0000000000000000000005 /* Sources */ = {isa = PBXSourcesBuildPhase; buildActionMask = 2147483647; files = (); runOnlyForDeploymentPostprocessing = 0; };
		AA0000000000000000000006 /* Sources */ = {isa = PBXSourcesBuildPhase; buildActionMask = 2147483647; files = (); runOnlyForDeploymentPostprocessing = 0; };
		AA0000000000000000000007 /* Sources */ = {isa = PBXSourcesBuildPhase; buildActionMask = 2147483647; files = (); runOnlyForDeploymentPostprocessing = 0; };
/* End PBXSourcesBuildPhase section */

/* Begin PBXTargetDependency section */
		B00000000000000000000001 = {isa = PBXTargetDependency; name = VulpraEngineKit; target = AB0000000000000000000005; targetProxy = A20000000000000000000001; };
		B00000000000000000000002 = {isa = PBXTargetDependency; name = "Vulpra Engine Process"; target = AB0000000000000000000006; targetProxy = A20000000000000000000002; };
		B00000000000000000000003 = {isa = PBXTargetDependency; name = OpenIn; target = AB0000000000000000000004; targetProxy = A20000000000000000000003; };
		B00000000000000000000004 = {isa = PBXTargetDependency; name = VulpraEngineKit; target = AB0000000000000000000005; targetProxy = A20000000000000000000004; };
		B00000000000000000000005 = {isa = PBXTargetDependency; name = VulpraEngineKit; target = AB0000000000000000000005; targetProxy = A20000000000000000000005; };
		B00000000000000000000006 = {isa = PBXTargetDependency; name = Vulpra; target = AB0000000000000000000001; targetProxy = A20000000000000000000006; };
/* End PBXTargetDependency section */

/* Begin XCBuildConfiguration section */
		C00000000000000000000001 /* Debug */ = {isa = XCBuildConfiguration; baseConfigurationReference = A30000000000000000000005; buildSettings = {COPY_PHASE_STRIP = NO; DEBUG_INFORMATION_FORMAT = dwarf; ENABLE_TESTABILITY = YES; GCC_OPTIMIZATION_LEVEL = 0; SWIFT_ACTIVE_COMPILATION_CONDITIONS = "DEBUG $(inherited)"; SWIFT_OPTIMIZATION_LEVEL = "-Onone"; }; name = Debug; };
		C00000000000000000000002 /* Release */ = {isa = XCBuildConfiguration; baseConfigurationReference = A30000000000000000000005; buildSettings = {COPY_PHASE_STRIP = YES; DEBUG_INFORMATION_FORMAT = "dwarf-with-dsym"; ENABLE_NS_ASSERTIONS = NO; SWIFT_COMPILATION_MODE = wholemodule; SWIFT_OPTIMIZATION_LEVEL = "-O"; VALIDATE_PRODUCT = YES; }; name = Release; };
		C00000000000000000000003 /* Debug */ = {isa = XCBuildConfiguration; baseConfigurationReference = A30000000000000000000006; buildSettings = {}; name = Debug; };
		C00000000000000000000004 /* Release */ = {isa = XCBuildConfiguration; baseConfigurationReference = A30000000000000000000006; buildSettings = {}; name = Release; };
		C00000000000000000000009 /* Debug */ = {isa = XCBuildConfiguration; baseConfigurationReference = A30000000000000000000009; buildSettings = {}; name = Debug; };
		C0000000000000000000000A /* Release */ = {isa = XCBuildConfiguration; baseConfigurationReference = A30000000000000000000009; buildSettings = {}; name = Release; };
		C0000000000000000000000B /* Debug */ = {isa = XCBuildConfiguration; baseConfigurationReference = A3000000000000000000000A; buildSettings = {}; name = Debug; };
		C0000000000000000000000C /* Release */ = {isa = XCBuildConfiguration; baseConfigurationReference = A3000000000000000000000A; buildSettings = {}; name = Release; };
		C0000000000000000000000D /* Debug */ = {isa = XCBuildConfiguration; baseConfigurationReference = A3000000000000000000000B; buildSettings = {}; name = Debug; };
		C0000000000000000000000E /* Release */ = {isa = XCBuildConfiguration; baseConfigurationReference = A3000000000000000000000B; buildSettings = {}; name = Release; };
		C0000000000000000000000F /* Debug */ = {isa = XCBuildConfiguration; baseConfigurationReference = A30000000000000000000005; buildSettings = {BUNDLE_LOADER = "$(TEST_HOST)"; GENERATE_INFOPLIST_FILE = YES; LD_RUNPATH_SEARCH_PATHS = "$(inherited) @loader_path/Frameworks @executable_path/Frameworks"; OTHER_LDFLAGS = "$(inherited) -framework XCTest"; PRODUCT_BUNDLE_IDENTIFIER = com.vulpra.browser.engine-kit-tests; PRODUCT_NAME = VulpraEngineKitTests; SWIFT_OBJC_BRIDGING_HEADER = ""; TEST_HOST = "$(BUILT_PRODUCTS_DIR)/Vulpra.app/$(BUNDLE_EXECUTABLE_FOLDER_PATH)/Vulpra"; }; name = Debug; };
		C00000000000000000000010 /* Release */ = {isa = XCBuildConfiguration; baseConfigurationReference = A30000000000000000000005; buildSettings = {BUNDLE_LOADER = "$(TEST_HOST)"; GENERATE_INFOPLIST_FILE = YES; LD_RUNPATH_SEARCH_PATHS = "$(inherited) @loader_path/Frameworks @executable_path/Frameworks"; OTHER_LDFLAGS = "$(inherited) -framework XCTest"; PRODUCT_BUNDLE_IDENTIFIER = com.vulpra.browser.engine-kit-tests; PRODUCT_NAME = VulpraEngineKitTests; SWIFT_OBJC_BRIDGING_HEADER = ""; TEST_HOST = "$(BUILT_PRODUCTS_DIR)/Vulpra.app/$(BUNDLE_EXECUTABLE_FOLDER_PATH)/Vulpra"; }; name = Release; };
/* End XCBuildConfiguration section */

/* Begin XCConfigurationList section */
		AE0000000000000000000001 = {isa = XCConfigurationList; buildConfigurations = (C00000000000000000000001, C00000000000000000000002, ); defaultConfigurationIsVisible = 0; defaultConfigurationName = Release; };
		AE0000000000000000000002 = {isa = XCConfigurationList; buildConfigurations = (C00000000000000000000003, C00000000000000000000004, ); defaultConfigurationIsVisible = 0; defaultConfigurationName = Release; };
		AE0000000000000000000005 = {isa = XCConfigurationList; buildConfigurations = (C00000000000000000000009, C0000000000000000000000A, ); defaultConfigurationIsVisible = 0; defaultConfigurationName = Release; };
		AE0000000000000000000006 = {isa = XCConfigurationList; buildConfigurations = (C0000000000000000000000B, C0000000000000000000000C, ); defaultConfigurationIsVisible = 0; defaultConfigurationName = Release; };
		AE0000000000000000000007 = {isa = XCConfigurationList; buildConfigurations = (C0000000000000000000000D, C0000000000000000000000E, ); defaultConfigurationIsVisible = 0; defaultConfigurationName = Release; };
		AE0000000000000000000008 = {isa = XCConfigurationList; buildConfigurations = (C0000000000000000000000F, C00000000000000000000010, ); defaultConfigurationIsVisible = 0; defaultConfigurationName = Release; };
/* End XCConfigurationList section */
	};
	rootObject = AF0000000000000000000001 /* Project object */;
}
